
Microsoft Visual Studio Solution File, Format Version 12.00
# Visual Studio Version 16
VisualStudioVersion = 16.0.32106.194
MinimumVisualStudioVersion = 10.0.40219.1
Project("{FAE04EC0-301F-11D3-BF4B-00C04F79EFBC}") = "HomeWork5.11", "HomeWork5.11\HomeWork5.11.csproj", "{F3619A40-8330-41D0-8781-A8EE3E42F406}"
EndProject
Global
	GlobalSection(SolutionConfigurationPlatforms) = preSolution
		Debug|Any CPU = Debug|Any CPU
		Release|Any CPU = Release|Any CPU
	EndGlobalSection
	GlobalSection(ProjectConfigurationPlatforms) = postSolution
		{F3619A40-8330-41D0-8781-A8EE3E42F406}.Debug|Any CPU.ActiveCfg = Debug|Any CPU
		{F3619A40-8330-41D0-8781-A8EE3E42F406}.Debug|Any CPU.Build.0 = Debug|Any CPU
		{F3619A40-8330-41D0-8781-A8EE3E42F406}.Release|Any CPU.ActiveCfg = Release|Any CPU
		{F3619A40-8330-41D0-8781-A8EE3E42F406}.Release|Any CPU.Build.0 = Release|Any CPU
	EndGlobalSection
	GlobalSection(SolutionProperties) = preSolution
		HideSolutionNode = FALSE
	EndGlobalSection
	GlobalSection(ExtensibilityGlobals) = postSolution
		SolutionGuid = {AA667B37-E65A-4AB1-9DE6-5CF0110FE057}
	EndGlobalSection
EndGlobal
